
Microsoft Visual Studio Solution File, Format Version 11.00
# Visual Studio 2010
Project("{FAE04EC0-301F-11D3-BF4B-00C04F79EFBC}") = "VRPaintball", "Assembly-CSharp.csproj", "{F6DEA8DE-FD6C-98DE-FAB0-BCFC8334430C}"
EndProject
Project("{FAE04EC0-301F-11D3-BF4B-00C04F79EFBC}") = "VRPaintball", "Assembly-CSharp-Editor.csproj", "{5F833A48-BCA2-D20C-CB01-767558842812}"
EndProject
Global
	GlobalSection(SolutionConfigurationPlatforms) = preSolution
		Debug|Any CPU = Debug|Any CPU
		Release|Any CPU = Release|Any CPU
	EndGlobalSection
	GlobalSection(ProjectConfigurationPlatforms) = postSolution
		{F6DEA8DE-FD6C-98DE-FAB0-BCFC8334430C}.Debug|Any CPU.ActiveCfg = Debug|Any CPU
		{F6DEA8DE-FD6C-98DE-FAB0-BCFC8334430C}.Debug|Any CPU.Build.0 = Debug|Any CPU
		{F6DEA8DE-FD6C-98DE-FAB0-BCFC8334430C}.Release|Any CPU.ActiveCfg = Release|Any CPU
		{F6DEA8DE-FD6C-98DE-FAB0-BCFC8334430C}.Release|Any CPU.Build.0 = Release|Any CPU
		{5F833A48-BCA2-D20C-CB01-767558842812}.Debug|Any CPU.ActiveCfg = Debug|Any CPU
		{5F833A48-BCA2-D20C-CB01-767558842812}.Debug|Any CPU.Build.0 = Debug|Any CPU
		{5F833A48-BCA2-D20C-CB01-767558842812}.Release|Any CPU.ActiveCfg = Release|Any CPU
		{5F833A48-BCA2-D20C-CB01-767558842812}.Release|Any CPU.Build.0 = Release|Any CPU
	EndGlobalSection
	GlobalSection(SolutionProperties) = preSolution
		HideSolutionNode = FALSE
	EndGlobalSection
	GlobalSection(MonoDevelopProperties) = preSolution
		StartupItem = Assembly-CSharp.csproj
	EndGlobalSection
EndGlobal
